
Microsoft Visual Studio Solution File, Format Version 12.00
# Visual Studio Version 17
VisualStudioVersion = 17.14.36429.23
MinimumVisualStudioVersion = 10.0.40219.1
Project("{FAE04EC0-301F-11D3-BF4B-00C04F79EFBC}") = "BarberFlow.Web", "BarberFlow.Web\BarberFlow.Web.csproj", "{D3A6632A-8761-4F3D-9D65-2B4B565B619B}"
EndProject
Project("{FAE04EC0-301F-11D3-BF4B-00C04F79EFBC}") = "BarberFlow.Web.Tests", "BarberFlow.Web.Tests\BarberFlow.Web.Tests.csproj", "{BCD004B7-7C8A-4ABF-AA12-49F5B04A9B31}"
EndProject
Global
	GlobalSection(SolutionConfigurationPlatforms) = preSolution
		Debug|Any CPU = Debug|Any CPU
		Debug|x64 = Debug|x64
		Debug|x86 = Debug|x86
		Release|Any CPU = Release|Any CPU
		Release|x64 = Release|x64
		Release|x86 = Release|x86
	EndGlobalSection
	GlobalSection(ProjectConfigurationPlatforms) = postSolution
		{D3A6632A-8761-4F3D-9D65-2B4B565B619B}.Debug|Any CPU.ActiveCfg = Debug|Any CPU
		{D3A6632A-8761-4F3D-9D65-2B4B565B619B}.Debug|Any CPU.Build.0 = Debug|Any CPU
		{D3A6632A-8761-4F3D-9D65-2B4B565B619B}.Debug|x64.ActiveCfg = Debug|Any CPU
		{D3A6632A-8761-4F3D-9D65-2B4B565B619B}.Debug|x64.Build.0 = Debug|Any CPU
		{D3A6632A-8761-4F3D-9D65-2B4B565B619B}.Debug|x86.ActiveCfg = Debug|Any CPU
		{D3A6632A-8761-4F3D-9D65-2B4B565B619B}.Debug|x86.Build.0 = Debug|Any CPU
		{D3A6632A-8761-4F3D-9D65-2B4B565B619B}.Release|Any CPU.ActiveCfg = Release|Any CPU
		{D3A6632A-8761-4F3D-9D65-2B4B565B619B}.Release|Any CPU.Build.0 = Release|Any CPU
		{D3A6632A-8761-4F3D-9D65-2B4B565B619B}.Release|x64.ActiveCfg = Release|Any CPU
		{D3A6632A-8761-4F3D-9D65-2B4B565B619B}.Release|x64.Build.0 = Release|Any CPU
		{D3A6632A-8761-4F3D-9D65-2B4B565B619B}.Release|x86.ActiveCfg = Release|Any CPU
		{D3A6632A-8761-4F3D-9D65-2B4B565B619B}.Release|x86.Build.0 = Release|Any CPU
		{BCD004B7-7C8A-4ABF-AA12-49F5B04A9B31}.Debug|Any CPU.ActiveCfg = Debug|Any CPU
		{BCD004B7-7C8A-4ABF-AA12-49F5B04A9B31}.Debug|Any CPU.Build.0 = Debug|Any CPU
		{BCD004B7-7C8A-4ABF-AA12-49F5B04A9B31}.Debug|x64.ActiveCfg = Debug|Any CPU
		{BCD004B7-7C8A-4ABF-AA12-49F5B04A9B31}.Debug|x64.Build.0 = Debug|Any CPU
		{BCD004B7-7C8A-4ABF-AA12-49F5B04A9B31}.Debug|x86.ActiveCfg = Debug|Any CPU
		{BCD004B7-7C8A-4ABF-AA12-49F5B04A9B31}.Debug|x86.Build.0 = Debug|Any CPU
		{BCD004B7-7C8A-4ABF-AA12-49F5B04A9B31}.Release|Any CPU.ActiveCfg = Release|Any CPU
		{BCD004B7-7C8A-4ABF-AA12-49F5B04A9B31}.Release|Any CPU.Build.0 = Release|Any CPU
		{BCD004B7-7C8A-4ABF-AA12-49F5B04A9B31}.Release|x64.ActiveCfg = Release|Any CPU
		{BCD004B7-7C8A-4ABF-AA12-49F5B04A9B31}.Release|x64.Build.0 = Release|Any CPU
		{BCD004B7-7C8A-4ABF-AA12-49F5B04A9B31}.Release|x86.ActiveCfg = Release|Any CPU
		{BCD004B7-7C8A-4ABF-AA12-49F5B04A9B31}.Release|x86.Build.0 = Release|Any CPU
	EndGlobalSection
	GlobalSection(SolutionProperties) = preSolution
		HideSolutionNode = FALSE
	EndGlobalSection
	GlobalSection(ExtensibilityGlobals) = postSolution
		SolutionGuid = {FB3BBDF3-D6D4-4A80-BEB0-C24CA0C770DE}
	EndGlobalSection
EndGlobal
